
Microsoft Visual Studio Solution File, Format Version 12.00
# Visual Studio Version 16
VisualStudioVersion = 16.0.28803.202
MinimumVisualStudioVersion = 10.0.40219.1
Project("{9A19103F-16F7-4668-BE54-9A1E7A4F7556}") = "JonathanDuncanPro.Core", "JonathanDuncanPro\src\JonathanDuncanPro.Core\JonathanDuncanPro.Core.csproj", "{B127CC41-B931-41FC-9961-B861355DFCDE}"
EndProject
Project("{9A19103F-16F7-4668-BE54-9A1E7A4F7556}") = "JonathanDuncanPro.Infrastructure", "JonathanDuncanPro\src\JonathanDuncanPro.Infrastructure\JonathanDuncanPro.Infrastructure.csproj", "{64594A7F-8EE0-472B-91F6-C98689E96E13}"
EndProject
Project("{9A19103F-16F7-4668-BE54-9A1E7A4F7556}") = "JonathanDuncanPro.Web", "JonathanDuncanPro\src\JonathanDuncanPro.Web\JonathanDuncanPro.Web.csproj", "{A9AC17DF-015C-4A7D-9F22-47A603E68965}"
EndProject
Project("{9A19103F-16F7-4668-BE54-9A1E7A4F7556}") = "JonathanDuncanPro.Tests", "JonathanDuncanPro\tests\JonathanDuncanPro.Tests\JonathanDuncanPro.Tests.csproj", "{4A91BFB4-3752-437D-88CF-CD3AA274D7A9}"
EndProject
Project("{2150E333-8FDC-42A3-9474-1A3956D46DE8}") = "Solution Items", "Solution Items", "{BEA0C24A-D060-4126-8864-55D2DA0803F2}"
	ProjectSection(SolutionItems) = preProject
		.a11yrc = .a11yrc
	EndProjectSection
EndProject
Global
	GlobalSection(SolutionConfigurationPlatforms) = preSolution
		Debug|Any CPU = Debug|Any CPU
		Release|Any CPU = Release|Any CPU
	EndGlobalSection
	GlobalSection(ProjectConfigurationPlatforms) = postSolution
		{B127CC41-B931-41FC-9961-B861355DFCDE}.Debug|Any CPU.ActiveCfg = Debug|Any CPU
		{B127CC41-B931-41FC-9961-B861355DFCDE}.Debug|Any CPU.Build.0 = Debug|Any CPU
		{B127CC41-B931-41FC-9961-B861355DFCDE}.Release|Any CPU.ActiveCfg = Release|Any CPU
		{B127CC41-B931-41FC-9961-B861355DFCDE}.Release|Any CPU.Build.0 = Release|Any CPU
		{64594A7F-8EE0-472B-91F6-C98689E96E13}.Debug|Any CPU.ActiveCfg = Debug|Any CPU
		{64594A7F-8EE0-472B-91F6-C98689E96E13}.Debug|Any CPU.Build.0 = Debug|Any CPU
		{64594A7F-8EE0-472B-91F6-C98689E96E13}.Release|Any CPU.ActiveCfg = Release|Any CPU
		{64594A7F-8EE0-472B-91F6-C98689E96E13}.Release|Any CPU.Build.0 = Release|Any CPU
		{A9AC17DF-015C-4A7D-9F22-47A603E68965}.Debug|Any CPU.ActiveCfg = Debug|Any CPU
		{A9AC17DF-015C-4A7D-9F22-47A603E68965}.Debug|Any CPU.Build.0 = Debug|Any CPU
		{A9AC17DF-015C-4A7D-9F22-47A603E68965}.Release|Any CPU.ActiveCfg = Release|Any CPU
		{A9AC17DF-015C-4A7D-9F22-47A603E68965}.Release|Any CPU.Build.0 = Release|Any CPU
		{4A91BFB4-3752-437D-88CF-CD3AA274D7A9}.Debug|Any CPU.ActiveCfg = Debug|Any CPU
		{4A91BFB4-3752-437D-88CF-CD3AA274D7A9}.Debug|Any CPU.Build.0 = Debug|Any CPU
		{4A91BFB4-3752-437D-88CF-CD3AA274D7A9}.Release|Any CPU.ActiveCfg = Release|Any CPU
		{4A91BFB4-3752-437D-88CF-CD3AA274D7A9}.Release|Any CPU.Build.0 = Release|Any CPU
	EndGlobalSection
	GlobalSection(SolutionProperties) = preSolution
		HideSolutionNode = FALSE
	EndGlobalSection
	GlobalSection(ExtensibilityGlobals) = postSolution
		SolutionGuid = {AD6872A5-D439-4102-916F-A2FFA6529556}
	EndGlobalSection
EndGlobal
